// !$*UTF8*$!
{
	archiveVersion = 1;
	classes = {
	};
	objectVersion = 56;
	objects = {

/* Begin PBXBuildFile section */
		006E19112AC7974D0076F4DB /* AppDelegate.swift in Sources */ = {isa = PBXBuildFile; fileRef = 006E19102AC7974D0076F4DB /* AppDelegate.swift */; };
		006E19132AC7974D0076F4DB /* SceneDelegate.swift in Sources */ = {isa = PBXBuildFile; fileRef = 006E19122AC7974D0076F4DB /* SceneDelegate.swift */; };
		006E191A2AC797500076F4DB /* Assets.xcassets in Resources */ = {isa = PBXBuildFile; fileRef = 006E19192AC797500076F4DB /* Assets.xcassets */; };
		006E191D2AC797500076F4DB /* LaunchScreen.storyboard in Resources */ = {isa = PBXBuildFile; fileRef = 006E191B2AC797500076F4DB /* LaunchScreen.storyboard */; };
		006E19262AC7CCCD0076F4DB /* RegionTableViewController.swift in Sources */ = {isa = PBXBuildFile; fileRef = 006E19252AC7CCCD0076F4DB /* RegionTableViewController.swift */; };
		006E19282AC7CCE30076F4DB /* RegionTableViewModel.swift in Sources */ = {isa = PBXBuildFile; fileRef = 006E19272AC7CCE30076F4DB /* RegionTableViewModel.swift */; };
		006E192A2AC7CCF10076F4DB /* RegionTableModel.swift in Sources */ = {isa = PBXBuildFile; fileRef = 006E19292AC7CCF10076F4DB /* RegionTableModel.swift */; };
		006E192E2AC7D2C30076F4DB /* RegionService.swift in Sources */ = {isa = PBXBuildFile; fileRef = 006E192D2AC7D2C30076F4DB /* RegionService.swift */; };
		006E19302AC7D60E0076F4DB /* Observable.swift in Sources */ = {isa = PBXBuildFile; fileRef = 006E192F2AC7D60E0076F4DB /* Observable.swift */; };
		006E19322AC7E4760076F4DB /* RegionTableViewCell.swift in Sources */ = {isa = PBXBuildFile; fileRef = 006E19312AC7E4760076F4DB /* RegionTableViewCell.swift */; };
		006E19352AC7EA990076F4DB /* Kingfisher in Frameworks */ = {isa = PBXBuildFile; productRef = 006E19342AC7EA990076F4DB /* Kingfisher */; };
		006E19382AC7FC0F0076F4DB /* RegionDetailViewController.swift in Sources */ = {isa = PBXBuildFile; fileRef = 006E19372AC7FC0F0076F4DB /* RegionDetailViewController.swift */; };
/* End PBXBuildFile section */

/* Begin PBXFileReference section */
		006E190D2AC7974D0076F4DB /* WBTest.app */ = {isa = PBXFileReference; explicitFileType = wrapper.application; includeInIndex = 0; path = WBTest.app; sourceTree = BUILT_PRODUCTS_DIR; };
		006E19102AC7974D0076F4DB /* AppDelegate.swift */ = {isa = PBXFileReference; lastKnownFileType = sourcecode.swift; path = AppDelegate.swift; sourceTree = "<group>"; };
		006E19122AC7974D0076F4DB /* SceneDelegate.swift */ = {isa = PBXFileReference; lastKnownFileType = sourcecode.swift; path = SceneDelegate.swift; sourceTree = "<group>"; };
		006E19192AC797500076F4DB /* Assets.xcassets */ = {isa = PBXFileReference; lastKnownFileType = folder.assetcatalog; path = Assets.xcassets; sourceTree = "<group>"; };
		006E191C2AC797500076F4DB /* Base */ = {isa = PBXFileReference; lastKnownFileType = file.storyboard; name = Base; path = Base.lproj/LaunchScreen.storyboard; sourceTree = "<group>"; };
		006E191E2AC797500076F4DB /* Info.plist */ = {isa = PBXFileReference; lastKnownFileType = text.plist.xml; path = Info.plist; sourceTree = "<group>"; };
		006E19252AC7CCCD0076F4DB /* RegionTableViewController.swift */ = {isa = PBXFileReference; lastKnownFileType = sourcecode.swift; path = RegionTableViewController.swift; sourceTree = "<group>"; };
		006E19272AC7CCE30076F4DB /* RegionTableViewModel.swift */ = {isa = PBXFileReference; lastKnownFileType = sourcecode.swift; path = RegionTableViewModel.swift; sourceTree = "<group>"; };
		006E19292AC7CCF10076F4DB /* RegionTableModel.swift */ = {isa = PBXFileReference; lastKnownFileType = sourcecode.swift; path = RegionTableModel.swift; sourceTree = "<group>"; };
		006E192D2AC7D2C30076F4DB /* RegionService.swift */ = {isa = PBXFileReference; lastKnownFileType = sourcecode.swift; path = RegionService.swift; sourceTree = "<group>"; };
		006E192F2AC7D60E0076F4DB /* Observable.swift */ = {isa = PBXFileReference; lastKnownFileType = sourcecode.swift; path = Observable.swift; sourceTree = "<group>"; };
		006E19312AC7E4760076F4DB /* RegionTableViewCell.swift */ = {isa = PBXFileReference; lastKnownFileType = sourcecode.swift; path = RegionTableViewCell.swift; sourceTree = "<group>"; };
		006E19372AC7FC0F0076F4DB /* RegionDetailViewController.swift */ = {isa = PBXFileReference; lastKnownFileType = sourcecode.swift; path = RegionDetailViewController.swift; sourceTree = "<group>"; };
/* End PBXFileReference section */

/* Begin PBXFrameworksBuildPhase section */
		006E190A2AC7974D0076F4DB /* Frameworks */ = {
			isa = PBXFrameworksBuildPhase;
			buildActionMask = 2147483647;
			files = (
				006E19352AC7EA990076F4DB /* Kingfisher in Frameworks */,
			);
			runOnlyForDeploymentPostprocessing = 0;
		};
/* End PBXFrameworksBuildPhase section */

/* Begin PBXGroup section */
		006E19042AC7974D0076F4DB = {
			isa = PBXGroup;
			children = (
				006E190F2AC7974D0076F4DB /* WBTest */,
				006E190E2AC7974D0076F4DB /* Products */,
			);
			sourceTree = "<group>";
		};
		006E190E2AC7974D0076F4DB /* Products */ = {
			isa = PBXGroup;
			children = (
				006E190D2AC7974D0076F4DB /* WBTest.app */,
			);
			name = Products;
			sourceTree = "<group>";
		};
		006E190F2AC7974D0076F4DB /* WBTest */ = {
			isa = PBXGroup;
			children = (
				006E19362AC7FBE40076F4DB /* RegionDetail */,
				006E192D2AC7D2C30076F4DB /* RegionService.swift */,
				006E192F2AC7D60E0076F4DB /* Observable.swift */,
				006E19242AC7CC790076F4DB /* RegionTableView */,
				006E19102AC7974D0076F4DB /* AppDelegate.swift */,
				006E19122AC7974D0076F4DB /* SceneDelegate.swift */,
				006E19192AC797500076F4DB /* Assets.xcassets */,
				006E191B2AC797500076F4DB /* LaunchScreen.storyboard */,
				006E191E2AC797500076F4DB /* Info.plist */,
			);
			path = WBTest;
			sourceTree = "<group>";
		};
		006E19242AC7CC790076F4DB /* RegionTableView */ = {
			isa = PBXGroup;
			children = (
				006E19252AC7CCCD0076F4DB /* RegionTableViewController.swift */,
				006E19272AC7CCE30076F4DB /* RegionTableViewModel.swift */,
				006E19292AC7CCF10076F4DB /* RegionTableModel.swift */,
				006E19312AC7E4760076F4DB /* RegionTableViewCell.swift */,
			);
			path = RegionTableView;
			sourceTree = "<group>";
		};
		006E19362AC7FBE40076F4DB /* RegionDetail */ = {
			isa = PBXGroup;
			children = (
				006E19372AC7FC0F0076F4DB /* RegionDetailViewController.swift */,
			);
			path = RegionDetail;
			sourceTree = "<group>";
		};
/* End PBXGroup section */

/* Begin PBXNativeTarget section */
		006E190C2AC7974D0076F4DB /* WBTest */ = {
			isa = PBXNativeTarget;
			buildConfigurationList = 006E19212AC797500076F4DB /* Build configuration list for PBXNativeTarget "WBTest" */;
			buildPhases = (
				006E19092AC7974D0076F4DB /* Sources */,
				006E190A2AC7974D0076F4DB /* Frameworks */,
				006E190B2AC7974D0076F4DB /* Resources */,
			);
			buildRules = (
			);
			dependencies = (
			);
			name = WBTest;
			packageProductDependencies = (
				006E19342AC7EA990076F4DB /* Kingfisher */,
			);
			productName = WBTest;
			productReference = 006E190D2AC7974D0076F4DB /* WBTest.app */;
			productType = "com.apple.product-type.application";
		};
/* End PBXNativeTarget section */

/* Begin PBXProject section */
		006E19052AC7974D0076F4DB /* Project object */ = {
			isa = PBXProject;
			attributes = {
				BuildIndependentTargetsInParallel = 1;
				LastSwiftUpdateCheck = 1410;
				LastUpgradeCheck = 1410;
				TargetAttributes = {
					006E190C2AC7974D0076F4DB = {
						CreatedOnToolsVersion = 14.1;
					};
				};
			};
			buildConfigurationList = 006E19082AC7974D0076F4DB /* Build configuration list for PBXProject "WBTest" */;
			compatibilityVersion = "Xcode 14.0";
			developmentRegion = en;
			hasScannedForEncodings = 0;
			knownRegions = (
				en,
				Base,
			);
			mainGroup = 006E19042AC7974D0076F4DB;
			packageReferences = (
				006E19332AC7EA990076F4DB /* XCRemoteSwiftPackageReference "Kingfisher" */,
			);
			productRefGroup = 006E190E2AC7974D0076F4DB /* Products */;
			projectDirPath = "";
			projectRoot = "";
			targets = (
				006E190C2AC7974D0076F4DB /* WBTest */,
			);
		};
/* End PBXProject section */

/* Begin PBXResourcesBuildPhase section */
		006E190B2AC7974D0076F4DB /* Resources */ = {
			isa = PBXResourcesBuildPhase;
			buildActionMask = 2147483647;
			files = (
				006E191D2AC797500076F4DB /* LaunchScreen.storyboard in Resources */,
				006E191A2AC797500076F4DB /* Assets.xcassets in Resources */,
			);
			runOnlyForDeploymentPostprocessing = 0;
		};
/* End PBXResourcesBuildPhase section */

/* Begin PBXSourcesBuildPhase section */
		006E19092AC7974D0076F4DB /* Sources */ = {
			isa = PBXSourcesBuildPhase;
			buildActionMask = 2147483647;
			files = (
				006E19262AC7CCCD0076F4DB /* RegionTableViewController.swift in Sources */,
				006E192A2AC7CCF10076F4DB /* RegionTableModel.swift in Sources */,
				006E19322AC7E4760076F4DB /* RegionTableViewCell.swift in Sources */,
				006E19382AC7FC0F0076F4DB /* RegionDetailViewController.swift in Sources */,
				006E192E2AC7D2C30076F4DB /* RegionService.swift in Sources */,
				006E19302AC7D60E0076F4DB /* Observable.swift in Sources */,
				006E19112AC7974D0076F4DB /* AppDelegate.swift in Sources */,
				006E19282AC7CCE30076F4DB /* RegionTableViewModel.swift in Sources */,
				006E19132AC7974D0076F4DB /* SceneDelegate.swift in Sources */,
			);
			runOnlyForDeploymentPostprocessing = 0;
		};
/* End PBXSourcesBuildPhase section */

/* Begin PBXVariantGroup section */
		006E191B2AC797500076F4DB /* LaunchScreen.storyboard */ = {
			isa = PBXVariantGroup;
			children = (
				006E191C2AC797500076F4DB /* Base */,
			);
			name = LaunchScreen.storyboard;
			sourceTree = "<group>";
		};
/* End PBXVariantGroup section */

/* Begin XCBuildConfiguration section */
		006E191F2AC797500076F4DB /* Debug */ = {
			isa = XCBuildConfiguration;
			buildSettings = {
				ALWAYS_SEARCH_USER_PATHS = NO;
				CLANG_ANALYZER_NONNULL = YES;
				CLANG_ANALYZER_NUMBER_OBJECT_CONVERSION = YES_AGGRESSIVE;
				CLANG_CXX_LANGUAGE_STANDARD = "gnu++20";
				CLANG_ENABLE_MODULES = YES;
				CLANG_ENABLE_OBJC_ARC = YES;
				CLANG_ENABLE_OBJC_WEAK = YES;
				CLANG_WARN_BLOCK_CAPTURE_AUTORELEASING = YES;
				CLANG_WARN_BOOL_CONVERSION = YES;
				CLANG_WARN_COMMA = YES;
				CLANG_WARN_CONSTANT_CONVERSION = YES;
				CLANG_WARN_DEPRECATED_OBJC_IMPLEMENTATIONS = YES;
				CLANG_WARN_DIRECT_OBJC_ISA_USAGE = YES_ERROR;
				CLANG_WARN_DOCUMENTATION_COMMENTS = YES;
				CLANG_WARN_EMPTY_BODY = YES;
				CLANG_WARN_ENUM_CONVERSION = YES;
				CLANG_WARN_INFINITE_RECURSION = YES;
				CLANG_WARN_INT_CONVERSION = YES;
				CLANG_WARN_NON_LITERAL_NULL_CONVERSION = YES;
				CLANG_WARN_OBJC_IMPLICIT_RETAIN_SELF = YES;
				CLANG_WARN_OBJC_LITERAL_CONVERSION = YES;
				CLANG_WARN_OBJC_ROOT_CLASS = YES_ERROR;
				CLANG_WARN_QUOTED_INCLUDE_IN_FRAMEWORK_HEADER = YES;
				CLANG_WARN_RANGE_LOOP_ANALYSIS = YES;
				CLANG_WARN_STRICT_PROTOTYPES = YES;
				CLANG_WARN_SUSPICIOUS_MOVE = YES;
				CLANG_WARN_UNGUARDED_AVAILABILITY = YES_AGGRESSIVE;
				CLANG_WARN_UNREACHABLE_CODE = YES;
				CLANG_WARN__DUPLICATE_METHOD_MATCH = YES;
				COPY_PHASE_STRIP = NO;
				DEBUG_INFORMATION_FORMAT = dwarf;
				ENABLE_STRICT_OBJC_MSGSEND = YES;
				ENABLE_TESTABILITY = YES;
				GCC_C_LANGUAGE_STANDARD = gnu11;
				GCC_DYNAMIC_NO_PIC = NO;
				GCC_NO_COMMON_BLOCKS = YES;
				GCC_OPTIMIZATION_LEVEL = 0;
				GCC_PREPROCESSOR_DEFINITIONS = (
					"DEBUG=1",
					"$(inherited)",
				);
				GCC_WARN_64_TO_32_BIT_CONVERSION = YES;
				GCC_WARN_ABOUT_RETURN_TYPE = YES_ERROR;
				GCC_WARN_UNDECLARED_SELECTOR = YES;
				GCC_WARN_UNINITIALIZED_AUTOS = YES_AGGRESSIVE;
				GCC_WARN_UNUSED_FUNCTION = YES;
				GCC_WARN_UNUSED_VARIABLE = YES;
				IPHONEOS_DEPLOYMENT_TARGET = 16.1;
				MTL_ENABLE_DEBUG_INFO = INCLUDE_SOURCE;
				MTL_FAST_MATH = YES;
				ONLY_ACTIVE_ARCH = YES;
				SDKROOT = iphoneos;
				SWIFT_ACTIVE_COMPILATION_CONDITIONS = DEBUG;
				SWIFT_OPTIMIZATION_LEVEL = "-Onone";
			};
			name = Debug;
		};
		006E19202AC797500076F4DB /* Release */ = {
			isa = XCBuildConfiguration;
			buildSettings = {
				ALWAYS_SEARCH_USER_PATHS = NO;
				CLANG_ANALYZER_NONNULL = YES;
				CLANG_ANALYZER_NUMBER_OBJECT_CONVERSION = YES_AGGRESSIVE;
				CLANG_CXX_LANGUAGE_STANDARD = "gnu++20";
				CLANG_ENABLE_MODULES = YES;
				CLANG_ENABLE_OBJC_ARC = YES;
				CLANG_ENABLE_OBJC_WEAK = YES;
				CLANG_WARN_BLOCK_CAPTURE_AUTORELEASING = YES;
				CLANG_WARN_BOOL_CONVERSION = YES;
				CLANG_WARN_COMMA = YES;
				CLANG_WARN_CONSTANT_CONVERSION = YES;
				CLANG_WARN_DEPRECATED_OBJC_IMPLEMENTATIONS = YES;
				CLANG_WARN_DIRECT_OBJC_ISA_USAGE = YES_ERROR;
				CLANG_WARN_DOCUMENTATION_COMMENTS = YES;
				CLANG_WARN_EMPTY_BODY = YES;
				CLANG_WARN_ENUM_CONVERSION = YES;
				CLANG_WARN_INFINITE_RECURSION = YES;
				CLANG_WARN_INT_CONVERSION = YES;
				CLANG_WARN_NON_LITERAL_NULL_CONVERSION = YES;
				CLANG_WARN_OBJC_IMPLICIT_RETAIN_SELF = YES;
				CLANG_WARN_OBJC_LITERAL_CONVERSION = YES;
				CLANG_WARN_OBJC_ROOT_CLASS = YES_ERROR;
				CLANG_WARN_QUOTED_INCLUDE_IN_FRAMEWORK_HEADER = YES;
				CLANG_WARN_RANGE_LOOP_ANALYSIS = YES;
				CLANG_WARN_STRICT_PROTOTYPES = YES;
				CLANG_WARN_SUSPICIOUS_MOVE = YES;
				CLANG_WARN_UNGUARDED_AVAILABILITY = YES_AGGRESSIVE;
				CLANG_WARN_UNREACHABLE_CODE = YES;
				CLANG_WARN__DUPLICATE_METHOD_MATCH = YES;
				COPY_PHASE_STRIP = NO;
				DEBUG_INFORMATION_FORMAT = "dwarf-with-dsym";
				ENABLE_NS_ASSERTIONS = NO;
				ENABLE_STRICT_OBJC_MSGSEND = YES;
				GCC_C_LANGUAGE_STANDARD = gnu11;
				GCC_NO_COMMON_BLOCKS = YES;
				GCC_WARN_64_TO_32_BIT_CONVERSION = YES;
				GCC_WARN_ABOUT_RETURN_TYPE = YES_ERROR;
				GCC_WARN_UNDECLARED_SELECTOR = YES;
				GCC_WARN_UNINITIALIZED_AUTOS = YES_AGGRESSIVE;
				GCC_WARN_UNUSED_FUNCTION = YES;
				GCC_WARN_UNUSED_VARIABLE = YES;
				IPHONEOS_DEPLOYMENT_TARGET = 16.1;
				MTL_ENABLE_DEBUG_INFO = NO;
				MTL_FAST_MATH = YES;
				SDKROOT = iphoneos;
				SWIFT_COMPILATION_MODE = wholemodule;
				SWIFT_OPTIMIZATION_LEVEL = "-O";
				VALIDATE_PRODUCT = YES;
			};
			name = Release;
		};
		006E19222AC797500076F4DB /* Debug */ = {
			isa = XCBuildConfiguration;
			buildSettings = {
				ASSETCATALOG_COMPILER_APPICON_NAME = AppIcon;
				ASSETCATALOG_COMPILER_GLOBAL_ACCENT_COLOR_NAME = AccentColor;
				CODE_SIGN_STYLE = Automatic;
				CURRENT_PROJECT_VERSION = 1;
				DEVELOPMENT_TEAM = X58ZVA4AH8;
				GENERATE_INFOPLIST_FILE = YES;
				INFOPLIST_FILE = WBTest/Info.plist;
				INFOPLIST_KEY_UIApplicationSupportsIndirectInputEvents = YES;
				INFOPLIST_KEY_UILaunchStoryboardName = LaunchScreen;
				INFOPLIST_KEY_UISupportedInterfaceOrientations_iPad = "UIInterfaceOrientationPortrait UIInterfaceOrientationPortraitUpsideDown UIInterfaceOrientationLandscapeLeft UIInterfaceOrientationLandscapeRight";
				INFOPLIST_KEY_UISupportedInterfaceOrientations_iPhone = "UIInterfaceOrientationPortrait UIInterfaceOrientationLandscapeLeft UIInterfaceOrientationLandscapeRight";
				LD_RUNPATH_SEARCH_PATHS = (
					"$(inherited)",
					"@executable_path/Frameworks",
				);
				MARKETING_VERSION = 1.0;
				PRODUCT_BUNDLE_IDENTIFIER = cs.WBTest;
				PRODUCT_NAME = "$(TARGET_NAME)";
				SWIFT_EMIT_LOC_STRINGS = YES;
				SWIFT_VERSION = 5.0;
				TARGETED_DEVICE_FAMILY = "1,2";
			};
			name = Debug;
		};
		006E19232AC797500076F4DB /* Release */ = {
			isa = XCBuildConfiguration;
			buildSettings = {
				ASSETCATALOG_COMPILER_APPICON_NAME = AppIcon;
				ASSETCATALOG_COMPILER_GLOBAL_ACCENT_COLOR_NAME = AccentColor;
				CODE_SIGN_STYLE = Automatic;
				CURRENT_PROJECT_VERSION = 1;
				DEVELOPMENT_TEAM = X58ZVA4AH8;
				GENERATE_INFOPLIST_FILE = YES;
				INFOPLIST_FILE = WBTest/Info.plist;
				INFOPLIST_KEY_UIApplicationSupportsIndirectInputEvents = YES;
				INFOPLIST_KEY_UILaunchStoryboardName = LaunchScreen;
				INFOPLIST_KEY_UISupportedInterfaceOrientations_iPad = "UIInterfaceOrientationPortrait UIInterfaceOrientationPortraitUpsideDown UIInterfaceOrientationLandscapeLeft UIInterfaceOrientationLandscapeRight";
				INFOPLIST_KEY_UISupportedInterfaceOrientations_iPhone = "UIInterfaceOrientationPortrait UIInterfaceOrientationLandscapeLeft UIInterfaceOrientationLandscapeRight";
				LD_RUNPATH_SEARCH_PATHS = (
					"$(inherited)",
					"@executable_path/Frameworks",
				);
				MARKETING_VERSION = 1.0;
				PRODUCT_BUNDLE_IDENTIFIER = cs.WBTest;
				PRODUCT_NAME = "$(TARGET_NAME)";
				SWIFT_EMIT_LOC_STRINGS = YES;
				SWIFT_VERSION = 5.0;
				TARGETED_DEVICE_FAMILY = "1,2";
			};
			name = Release;
		};
/* End XCBuildConfiguration section */

/* Begin XCConfigurationList section */
		006E19082AC7974D0076F4DB /* Build configuration list for PBXProject "WBTest" */ = {
			isa = XCConfigurationList;
			buildConfigurations = (
				006E191F2AC797500076F4DB /* Debug */,
				006E19202AC797500076F4DB /* Release */,
			);
			defaultConfigurationIsVisible = 0;
			defaultConfigurationName = Release;
		};
		006E19212AC797500076F4DB /* Build configuration list for PBXNativeTarget "WBTest" */ = {
			isa = XCConfigurationList;
			buildConfigurations = (
				006E19222AC797500076F4DB /* Debug */,
				006E19232AC797500076F4DB /* Release */,
			);
			defaultConfigurationIsVisible = 0;
			defaultConfigurationName = Release;
		};
/* End XCConfigurationList section */

/* Begin XCRemoteSwiftPackageReference section */
		006E19332AC7EA990076F4DB /* XCRemoteSwiftPackageReference "Kingfisher" */ = {
			isa = XCRemoteSwiftPackageReference;
			repositoryURL = "https://github.com/onevcat/Kingfisher.git";
			requirement = {
				branch = master;
				kind = branch;
			};
		};
/* End XCRemoteSwiftPackageReference section */

/* Begin XCSwiftPackageProductDependency section */
		006E19342AC7EA990076F4DB /* Kingfisher */ = {
			isa = XCSwiftPackageProductDependency;
			package = 006E19332AC7EA990076F4DB /* XCRemoteSwiftPackageReference "Kingfisher" */;
			productName = Kingfisher;
		};
/* End XCSwiftPackageProductDependency section */
	};
	rootObject = 006E19052AC7974D0076F4DB /* Project object */;
}
